<?xml version="1.0" encoding="UTF-8"?>
<CONFIG>
  <ProjectOptions>
    <Version Value="11"/>
    <PathDelim Value="\"/>
    <General>
      <Flags>
        <MainUnitHasCreateFormStatements Value="False"/>
        <MainUnitHasTitleStatement Value="False"/>
        <MainUnitHasScaledStatement Value="False"/>
      </Flags>
      <SessionStorage Value="InProjectDir"/>
      <MainUnit Value="0"/>
      <Title Value="jeu"/>
      <UseAppBundle Value="False"/>
      <ResourceType Value="res"/>
    </General>
    <BuildModes Count="1">
      <Item1 Name="Default" Default="True"/>
    </BuildModes>
    <PublishOptions>
      <Version Value="2"/>
      <UseFileFilters Value="True"/>
    </PublishOptions>
    <RunParams>
      <FormatVersion Value="2"/>
      <Modes Count="0"/>
    </RunParams>
    <RequiredPackages Count="1">
      <Item1>
        <PackageName Value="LCL"/>
      </Item1>
    </RequiredPackages>
    <Units Count="12">
      <Unit0>
        <Filename Value="jeu.lpr"/>
        <IsPartOfProject Value="True"/>
      </Unit0>
      <Unit1>
        <Filename Value="menunouvellepartie.pas"/>
        <IsPartOfProject Value="True"/>
        <UnitName Value="menuNouvellePartie"/>
      </Unit1>
      <Unit2>
        <Filename Value="initialisationecran.pas"/>
        <IsPartOfProject Value="True"/>
        <UnitName Value="initialisationEcran"/>
      </Unit2>
      <Unit3>
        <Filename Value="navigationmenues.pas"/>
        <IsPartOfProject Value="True"/>
        <UnitName Value="navigationMenues"/>
      </Unit3>
      <Unit4>
        <Filename Value="menuinterface.pas"/>
        <IsPartOfProject Value="True"/>
        <UnitName Value="menuInterface"/>
      </Unit4>
      <Unit5>
        <Filename Value="evenementclavier.pas"/>
        <IsPartOfProject Value="True"/>
        <UnitName Value="evenementClavier"/>
      </Unit5>
      <Unit6>
        <Filename Value="menuaccueil.pas"/>
        <IsPartOfProject Value="True"/>
        <UnitName Value="menuAccueil"/>
      </Unit6>
      <Unit7>
        <Filename Value="bouclesjeux.pas"/>
        <IsPartOfProject Value="True"/>
        <UnitName Value="bouclesJeux"/>
      </Unit7>
      <Unit8>
        <Filename Value="menucreationpartie.pas"/>
        <IsPartOfProject Value="True"/>
        <UnitName Value="menuCreationPartie"/>
      </Unit8>
      <Unit9>
        <Filename Value="personnage.pas"/>
        <IsPartOfProject Value="True"/>
      </Unit9>
      <Unit10>
        <Filename Value="smenugestionbatiments.pas"/>
        <IsPartOfProject Value="True"/>
        <UnitName Value="sMenuGestionBatiments"/>
      </Unit10>
      <Unit11>
        <Filename Value="smenumarchand.pas"/>
        <IsPartOfProject Value="True"/>
        <UnitName Value="sMenuMarchand"/>
      </Unit11>
    </Units>
  </ProjectOptions>
  <CompilerOptions>
    <Version Value="11"/>
    <PathDelim Value="\"/>
    <Target>
      <Filename Value="jeu"/>
    </Target>
    <SearchPaths>
      <IncludeFiles Value="$(ProjOutDir)"/>
      <UnitOutputDirectory Value="lib\$(TargetCPU)-$(TargetOS)"/>
    </SearchPaths>
  </CompilerOptions>
  <Debugging>
    <Exceptions Count="3">
      <Item1>
        <Name Value="EAbort"/>
      </Item1>
      <Item2>
        <Name Value="ECodetoolError"/>
      </Item2>
      <Item3>
        <Name Value="EFOpenError"/>
      </Item3>
    </Exceptions>
  </Debugging>
</CONFIG>
